
Microsoft Visual Studio Solution File, Format Version 12.00
# Visual Studio Version 17
VisualStudioVersion = 17.9.34902.65
MinimumVisualStudioVersion = 10.0.40219.1
Project("{FAE04EC0-301F-11D3-BF4B-00C04F79EFBC}") = "talkomatic", "talkomatic.csproj", "{757DD1D9-7306-4F64-8799-811C5C7C5F4F}"
EndProject
Global
	GlobalSection(SolutionConfigurationPlatforms) = preSolution
		Debug|ARM = Debug|ARM
		Debug|ARM64 = Debug|ARM64
		Debug|x64 = Debug|x64
		Debug|x86 = Debug|x86
		Release|ARM = Release|ARM
		Release|ARM64 = Release|ARM64
		Release|x64 = Release|x64
		Release|x86 = Release|x86
	EndGlobalSection
	GlobalSection(ProjectConfigurationPlatforms) = postSolution
		{757DD1D9-7306-4F64-8799-811C5C7C5F4F}.Debug|ARM.ActiveCfg = Debug|ARM
		{757DD1D9-7306-4F64-8799-811C5C7C5F4F}.Debug|ARM.Build.0 = Debug|ARM
		{757DD1D9-7306-4F64-8799-811C5C7C5F4F}.Debug|ARM.Deploy.0 = Debug|ARM
		{757DD1D9-7306-4F64-8799-811C5C7C5F4F}.Debug|ARM64.ActiveCfg = Debug|ARM64
		{757DD1D9-7306-4F64-8799-811C5C7C5F4F}.Debug|ARM64.Build.0 = Debug|ARM64
		{757DD1D9-7306-4F64-8799-811C5C7C5F4F}.Debug|ARM64.Deploy.0 = Debug|ARM64
		{757DD1D9-7306-4F64-8799-811C5C7C5F4F}.Debug|x64.ActiveCfg = Debug|x64
		{757DD1D9-7306-4F64-8799-811C5C7C5F4F}.Debug|x64.Build.0 = Debug|x64
		{757DD1D9-7306-4F64-8799-811C5C7C5F4F}.Debug|x64.Deploy.0 = Debug|x64
		{757DD1D9-7306-4F64-8799-811C5C7C5F4F}.Debug|x86.ActiveCfg = Debug|x86
		{757DD1D9-7306-4F64-8799-811C5C7C5F4F}.Debug|x86.Build.0 = Debug|x86
		{757DD1D9-7306-4F64-8799-811C5C7C5F4F}.Debug|x86.Deploy.0 = Debug|x86
		{757DD1D9-7306-4F64-8799-811C5C7C5F4F}.Release|ARM.ActiveCfg = Release|ARM
		{757DD1D9-7306-4F64-8799-811C5C7C5F4F}.Release|ARM.Build.0 = Release|ARM
		{757DD1D9-7306-4F64-8799-811C5C7C5F4F}.Release|ARM.Deploy.0 = Release|ARM
		{757DD1D9-7306-4F64-8799-811C5C7C5F4F}.Release|ARM64.ActiveCfg = Release|ARM64
		{757DD1D9-7306-4F64-8799-811C5C7C5F4F}.Release|ARM64.Build.0 = Release|ARM64
		{757DD1D9-7306-4F64-8799-811C5C7C5F4F}.Release|ARM64.Deploy.0 = Release|ARM64
		{757DD1D9-7306-4F64-8799-811C5C7C5F4F}.Release|x64.ActiveCfg = Release|x64
		{757DD1D9-7306-4F64-8799-811C5C7C5F4F}.Release|x64.Build.0 = Release|x64
		{757DD1D9-7306-4F64-8799-811C5C7C5F4F}.Release|x64.Deploy.0 = Release|x64
		{757DD1D9-7306-4F64-8799-811C5C7C5F4F}.Release|x86.ActiveCfg = Release|x86
		{757DD1D9-7306-4F64-8799-811C5C7C5F4F}.Release|x86.Build.0 = Release|x86
		{757DD1D9-7306-4F64-8799-811C5C7C5F4F}.Release|x86.Deploy.0 = Release|x86
	EndGlobalSection
	GlobalSection(SolutionProperties) = preSolution
		HideSolutionNode = FALSE
	EndGlobalSection
	GlobalSection(ExtensibilityGlobals) = postSolution
		SolutionGuid = {D09A7B01-374D-44D2-BC51-C6891A0170A6}
	EndGlobalSection
EndGlobal
